
Microsoft Visual Studio Solution File, Format Version 12.00
# Visual Studio Version 18
VisualStudioVersion = 18.3.11218.70
MinimumVisualStudioVersion = 10.0.40219.1
Project("{FAE04EC0-301F-11D3-BF4B-00C04F79EFBC}") = "OnlineShopping.WebAPI", "OnlineShopping.WebAPI\OnlineShopping.WebAPI.csproj", "{B958D840-6363-489C-AEAF-18A5D29EA37A}"
EndProject
Project("{FAE04EC0-301F-11D3-BF4B-00C04F79EFBC}") = "OnlineShopping.Core", "OnlineShopping.Core\OnlineShopping.Core.csproj", "{0325B136-90DE-48A6-96F8-C3EAE91CBCBD}"
EndProject
Project("{FAE04EC0-301F-11D3-BF4B-00C04F79EFBC}") = "OnlineShopping.Infrastructure", "OnlineShopping.Infrastructure\OnlineShopping.Infrastructure.csproj", "{7071A226-0261-44E8-8280-E77B274D0CC3}"
EndProject
Project("{FAE04EC0-301F-11D3-BF4B-00C04F79EFBC}") = "OnlineShopping.Web", "OnlineShopping.Web\OnlineShopping.Web.csproj", "{83BF59AA-F66C-47AD-8552-67ECF5BFB700}"
EndProject
Global
	GlobalSection(SolutionConfigurationPlatforms) = preSolution
		Debug|Any CPU = Debug|Any CPU
		Release|Any CPU = Release|Any CPU
	EndGlobalSection
	GlobalSection(ProjectConfigurationPlatforms) = postSolution
		{B958D840-6363-489C-AEAF-18A5D29EA37A}.Debug|Any CPU.ActiveCfg = Debug|Any CPU
		{B958D840-6363-489C-AEAF-18A5D29EA37A}.Debug|Any CPU.Build.0 = Debug|Any CPU
		{B958D840-6363-489C-AEAF-18A5D29EA37A}.Release|Any CPU.ActiveCfg = Release|Any CPU
		{B958D840-6363-489C-AEAF-18A5D29EA37A}.Release|Any CPU.Build.0 = Release|Any CPU
		{0325B136-90DE-48A6-96F8-C3EAE91CBCBD}.Debug|Any CPU.ActiveCfg = Debug|Any CPU
		{0325B136-90DE-48A6-96F8-C3EAE91CBCBD}.Debug|Any CPU.Build.0 = Debug|Any CPU
		{0325B136-90DE-48A6-96F8-C3EAE91CBCBD}.Release|Any CPU.ActiveCfg = Release|Any CPU
		{0325B136-90DE-48A6-96F8-C3EAE91CBCBD}.Release|Any CPU.Build.0 = Release|Any CPU
		{7071A226-0261-44E8-8280-E77B274D0CC3}.Debug|Any CPU.ActiveCfg = Debug|Any CPU
		{7071A226-0261-44E8-8280-E77B274D0CC3}.Debug|Any CPU.Build.0 = Debug|Any CPU
		{7071A226-0261-44E8-8280-E77B274D0CC3}.Release|Any CPU.ActiveCfg = Release|Any CPU
		{7071A226-0261-44E8-8280-E77B274D0CC3}.Release|Any CPU.Build.0 = Release|Any CPU
		{83BF59AA-F66C-47AD-8552-67ECF5BFB700}.Debug|Any CPU.ActiveCfg = Debug|Any CPU
		{83BF59AA-F66C-47AD-8552-67ECF5BFB700}.Debug|Any CPU.Build.0 = Debug|Any CPU
		{83BF59AA-F66C-47AD-8552-67ECF5BFB700}.Release|Any CPU.ActiveCfg = Release|Any CPU
		{83BF59AA-F66C-47AD-8552-67ECF5BFB700}.Release|Any CPU.Build.0 = Release|Any CPU
	EndGlobalSection
	GlobalSection(SolutionProperties) = preSolution
		HideSolutionNode = FALSE
	EndGlobalSection
	GlobalSection(ExtensibilityGlobals) = postSolution
		SolutionGuid = {646CA1CF-3A49-4785-AE12-5007E9B4E055}
	EndGlobalSection
EndGlobal
